
Microsoft Visual Studio Solution File, Format Version 12.00
# Visual Studio 2012
Project("{E24C65DC-7377-472B-9ABA-BC803B73C61A}") = "WebSitedbtest", "http://localhost:40047", "{6B65E933-2650-46E3-83CB-01D3EEF5B527}"
	ProjectSection(WebsiteProperties) = preProject
		UseIISExpress = "true"
		TargetFrameworkMoniker = ".NETFramework,Version%3Dv4.5"
		Debug.AspNetCompiler.VirtualPath = "/localhost_40047"
		Debug.AspNetCompiler.PhysicalPath = "..\..\WebSites\WebSitedbtest\"
		Debug.AspNetCompiler.TargetPath = "PrecompiledWeb\localhost_40047\"
		Debug.AspNetCompiler.Updateable = "true"
		Debug.AspNetCompiler.ForceOverwrite = "true"
		Debug.AspNetCompiler.FixedNames = "false"
		Debug.AspNetCompiler.Debug = "True"
		Release.AspNetCompiler.VirtualPath = "/localhost_40047"
		Release.AspNetCompiler.PhysicalPath = "..\..\WebSites\WebSitedbtest\"
		Release.AspNetCompiler.TargetPath = "PrecompiledWeb\localhost_40047\"
		Release.AspNetCompiler.Updateable = "true"
		Release.AspNetCompiler.ForceOverwrite = "true"
		Release.AspNetCompiler.FixedNames = "false"
		Release.AspNetCompiler.Debug = "False"
		SlnRelativePath = "..\..\WebSites\WebSitedbtest\"
		DefaultWebSiteLanguage = "Visual C#"
	EndProjectSection
EndProject
Global
	GlobalSection(SolutionConfigurationPlatforms) = preSolution
		Debug|Any CPU = Debug|Any CPU
	EndGlobalSection
	GlobalSection(ProjectConfigurationPlatforms) = postSolution
		{6B65E933-2650-46E3-83CB-01D3EEF5B527}.Debug|Any CPU.ActiveCfg = Debug|Any CPU
		{6B65E933-2650-46E3-83CB-01D3EEF5B527}.Debug|Any CPU.Build.0 = Debug|Any CPU
	EndGlobalSection
	GlobalSection(SolutionProperties) = preSolution
		HideSolutionNode = FALSE
	EndGlobalSection
EndGlobal
